// !$*UTF8*$!
{
	archiveVersion = 1;
	classes = {
	};
	objectVersion = 56;
	objects = {

/* Begin PBXBuildFile section */
		A100001A2B00000100000009 /* Assets.xcassets in Resources */ = {isa = PBXBuildFile; fileRef = A100000A2B00000100000010 /* Assets.xcassets */; };
		A100001A2B00000100000001 /* AIShoppingGuideApp.swift in Sources */ = {isa = PBXBuildFile; fileRef = A100000A2B00000100000001 /* AIShoppingGuideApp.swift */; };
		A100001A2B00000100000002 /* AppTheme.swift in Sources */ = {isa = PBXBuildFile; fileRef = A100000A2B00000100000002 /* AppTheme.swift */; };
		A100001A2B00000100000003 /* Models.swift in Sources */ = {isa = PBXBuildFile; fileRef = A100000A2B00000100000003 /* Models.swift */; };
		A100001A2B00000100000010 /* APIModels.swift in Sources */ = {isa = PBXBuildFile; fileRef = A100000A2B00000100000011 /* APIModels.swift */; };
		A100001A2B00000100000011 /* FrontendServices.swift in Sources */ = {isa = PBXBuildFile; fileRef = A100000A2B00000100000012 /* FrontendServices.swift */; };
		A100001A2B00000100000012 /* MockFrontendServices.swift in Sources */ = {isa = PBXBuildFile; fileRef = A100000A2B00000100000013 /* MockFrontendServices.swift */; };
		A100001A2B00000100000020 /* ConversationStore.swift in Sources */ = {isa = PBXBuildFile; fileRef = A100000A2B00000100000020 /* ConversationStore.swift */; };
		A100001A2B00000100000004 /* RootView.swift in Sources */ = {isa = PBXBuildFile; fileRef = A100000A2B00000100000004 /* RootView.swift */; };
		A100001A2B00000100000005 /* GuideView.swift in Sources */ = {isa = PBXBuildFile; fileRef = A100000A2B00000100000005 /* GuideView.swift */; };
		A100001A2B00000100000006 /* ProductDetailView.swift in Sources */ = {isa = PBXBuildFile; fileRef = A100000A2B00000100000006 /* ProductDetailView.swift */; };
		A100001A2B00000100000007 /* CartView.swift in Sources */ = {isa = PBXBuildFile; fileRef = A100000A2B00000100000007 /* CartView.swift */; };
		A100001A2B00000100000008 /* PreferenceView.swift in Sources */ = {isa = PBXBuildFile; fileRef = A100000A2B00000100000008 /* PreferenceView.swift */; };
		A100001A2B00000100000030 /* ComparisonView.swift in Sources */ = {isa = PBXBuildFile; fileRef = A100000A2B00000100000030 /* ComparisonView.swift */; };
		A100001A2B00000100000042 /* PreviewFixtures.swift in Sources */ = {isa = PBXBuildFile; fileRef = A100000A2B00000100000042 /* PreviewFixtures.swift */; };
		A100001A2B00000100000043 /* RemoteImageCache.swift in Sources */ = {isa = PBXBuildFile; fileRef = A100000A2B00000100000043 /* RemoteImageCache.swift */; };
/* End PBXBuildFile section */

/* Begin PBXFileReference section */
		A100000A2B00000100000001 /* AIShoppingGuideApp.swift */ = {isa = PBXFileReference; lastKnownFileType = sourcecode.swift; path = AIShoppingGuideApp.swift; sourceTree = "<group>"; };
		A100000A2B00000100000002 /* AppTheme.swift */ = {isa = PBXFileReference; lastKnownFileType = sourcecode.swift; path = AppTheme.swift; sourceTree = "<group>"; };
		A100000A2B00000100000003 /* Models.swift */ = {isa = PBXFileReference; lastKnownFileType = sourcecode.swift; path = Models.swift; sourceTree = "<group>"; };
		A100000A2B00000100000011 /* APIModels.swift */ = {isa = PBXFileReference; lastKnownFileType = sourcecode.swift; path = APIModels.swift; sourceTree = "<group>"; };
		A100000A2B00000100000012 /* FrontendServices.swift */ = {isa = PBXFileReference; lastKnownFileType = sourcecode.swift; path = FrontendServices.swift; sourceTree = "<group>"; };
		A100000A2B00000100000013 /* MockFrontendServices.swift */ = {isa = PBXFileReference; lastKnownFileType = sourcecode.swift; path = MockFrontendServices.swift; sourceTree = "<group>"; };
		A100000A2B00000100000020 /* ConversationStore.swift */ = {isa = PBXFileReference; lastKnownFileType = sourcecode.swift; path = ConversationStore.swift; sourceTree = "<group>"; };
		A100000A2B00000100000004 /* RootView.swift */ = {isa = PBXFileReference; lastKnownFileType = sourcecode.swift; path = RootView.swift; sourceTree = "<group>"; };
		A100000A2B00000100000005 /* GuideView.swift */ = {isa = PBXFileReference; lastKnownFileType = sourcecode.swift; path = GuideView.swift; sourceTree = "<group>"; };
		A100000A2B00000100000030 /* ComparisonView.swift */ = {isa = PBXFileReference; lastKnownFileType = sourcecode.swift; path = ComparisonView.swift; sourceTree = "<group>"; };
		A100000A2B00000100000042 /* PreviewFixtures.swift */ = {isa = PBXFileReference; lastKnownFileType = sourcecode.swift; path = PreviewFixtures.swift; sourceTree = "<group>"; };
		A100000A2B00000100000006 /* ProductDetailView.swift */ = {isa = PBXFileReference; lastKnownFileType = sourcecode.swift; path = ProductDetailView.swift; sourceTree = "<group>"; };
		A100000A2B00000100000007 /* CartView.swift */ = {isa = PBXFileReference; lastKnownFileType = sourcecode.swift; path = CartView.swift; sourceTree = "<group>"; };
		A100000A2B00000100000008 /* PreferenceView.swift */ = {isa = PBXFileReference; lastKnownFileType = sourcecode.swift; path = PreferenceView.swift; sourceTree = "<group>"; };
		A100000A2B00000100000009 /* AIShoppingGuide.app */ = {isa = PBXFileReference; explicitFileType = wrapper.application; includeInIndex = 0; path = AIShoppingGuide.app; sourceTree = BUILT_PRODUCTS_DIR; };
		A100000A2B00000100000010 /* Assets.xcassets */ = {isa = PBXFileReference; lastKnownFileType = folder.assetcatalog; path = Assets.xcassets; sourceTree = "<group>"; };
		A100000A2B00000100000043 /* RemoteImageCache.swift */ = {isa = PBXFileReference; lastKnownFileType = sourcecode.swift; path = RemoteImageCache.swift; sourceTree = "<group>"; };
/* End PBXFileReference section */

/* Begin PBXFrameworksBuildPhase section */
		A100002A2B00000100000001 /* Frameworks */ = {
			isa = PBXFrameworksBuildPhase;
			buildActionMask = 2147483647;
			files = (
			);
			runOnlyForDeploymentPostprocessing = 0;
		};
/* End PBXFrameworksBuildPhase section */

/* Begin PBXGroup section */
		A100003A2B00000100000001 = {isa = PBXGroup; children = (A100003A2B00000100000002 /* AIShoppingGuide */, A100003A2B00000100000003 /* Products */, ); sourceTree = "<group>"; };
		A100003A2B00000100000002 /* AIShoppingGuide */ = {isa = PBXGroup; children = (A100000A2B00000100000001 /* AIShoppingGuideApp.swift */, A100000A2B00000100000002 /* AppTheme.swift */, A100000A2B00000100000003 /* Models.swift */, A100000A2B00000100000020 /* ConversationStore.swift */, A100000A2B00000100000011 /* APIModels.swift */, A100000A2B00000100000012 /* FrontendServices.swift */, A100000A2B00000100000013 /* MockFrontendServices.swift */, A100000A2B00000100000043 /* RemoteImageCache.swift */, A100000A2B00000100000042 /* PreviewFixtures.swift */, A100000A2B00000100000004 /* RootView.swift */, A100000A2B00000100000005 /* GuideView.swift */, A100000A2B00000100000030 /* ComparisonView.swift */, A100000A2B00000100000006 /* ProductDetailView.swift */, A100000A2B00000100000007 /* CartView.swift */, A100000A2B00000100000008 /* PreferenceView.swift */, A100000A2B00000100000010 /* Assets.xcassets */, ); path = AIShoppingGuide; sourceTree = "<group>"; };
		A100003A2B00000100000003 /* Products */ = {isa = PBXGroup; children = (A100000A2B00000100000009 /* AIShoppingGuide.app */, ); name = Products; sourceTree = "<group>"; };
/* End PBXGroup section */

/* Begin PBXNativeTarget section */
		A100004A2B00000100000001 /* AIShoppingGuide */ = {
			isa = PBXNativeTarget;
			buildConfigurationList = A100008A2B00000100000002 /* Build configuration list for PBXNativeTarget "AIShoppingGuide" */;
			buildPhases = (
				A100006A2B00000100000001 /* Sources */,
				A100002A2B00000100000001 /* Frameworks */,
				A100007A2B00000100000001 /* Resources */,
			);
			buildRules = (
			);
			dependencies = (
			);
			name = AIShoppingGuide;
			productName = AIShoppingGuide;
			productReference = A100000A2B00000100000009 /* AIShoppingGuide.app */;
			productType = "com.apple.product-type.application";
		};
/* End PBXNativeTarget section */

/* Begin PBXProject section */
		A100005A2B00000100000001 /* Project object */ = {
			isa = PBXProject;
			attributes = {
				BuildIndependentTargetsInParallel = 1;
				LastSwiftUpdateCheck = 1530;
				LastUpgradeCheck = 1530;
				TargetAttributes = {
					A100004A2B00000100000001 = {
						CreatedOnToolsVersion = 15.3;
					};
				};
			};
			buildConfigurationList = A100008A2B00000100000001 /* Build configuration list for PBXProject "AIShoppingGuide" */;
			compatibilityVersion = "Xcode 14.0";
			developmentRegion = en;
			hasScannedForEncodings = 0;
			knownRegions = (
				en,
				Base,
			);
			mainGroup = A100003A2B00000100000001;
			productRefGroup = A100003A2B00000100000003 /* Products */;
			projectDirPath = "";
			projectRoot = "";
			targets = (
				A100004A2B00000100000001 /* AIShoppingGuide */,
			);
		};
/* End PBXProject section */

/* Begin PBXResourcesBuildPhase section */
		A100007A2B00000100000001 /* Resources */ = {isa = PBXResourcesBuildPhase; buildActionMask = 2147483647; files = (A100001A2B00000100000009 /* Assets.xcassets in Resources */, ); runOnlyForDeploymentPostprocessing = 0; };
/* End PBXResourcesBuildPhase section */

/* Begin PBXSourcesBuildPhase section */
		A100006A2B00000100000001 /* Sources */ = {isa = PBXSourcesBuildPhase; buildActionMask = 2147483647; files = (A100001A2B00000100000001 /* AIShoppingGuideApp.swift in Sources */, A100001A2B00000100000002 /* AppTheme.swift in Sources */, A100001A2B00000100000003 /* Models.swift in Sources */, A100001A2B00000100000020 /* ConversationStore.swift in Sources */, A100001A2B00000100000010 /* APIModels.swift in Sources */, A100001A2B00000100000011 /* FrontendServices.swift in Sources */, A100001A2B00000100000012 /* MockFrontendServices.swift in Sources */, A100001A2B00000100000043 /* RemoteImageCache.swift in Sources */, A100001A2B00000100000042 /* PreviewFixtures.swift in Sources */, A100001A2B00000100000004 /* RootView.swift in Sources */, A100001A2B00000100000005 /* GuideView.swift in Sources */, A100001A2B00000100000030 /* ComparisonView.swift in Sources */, A100001A2B00000100000006 /* ProductDetailView.swift in Sources */, A100001A2B00000100000007 /* CartView.swift in Sources */, A100001A2B00000100000008 /* PreferenceView.swift in Sources */, ); runOnlyForDeploymentPostprocessing = 0; };
/* End PBXSourcesBuildPhase section */

/* Begin XCBuildConfiguration section */
		A100009A2B00000100000001 /* Debug */ = {isa = XCBuildConfiguration; buildSettings = {ALWAYS_SEARCH_USER_PATHS = NO; CLANG_ANALYZER_NONNULL = YES; CLANG_ANALYZER_NUMBER_OBJECT_CONVERSION = YES_AGGRESSIVE; CLANG_CXX_LANGUAGE_STANDARD = "gnu++20"; CLANG_ENABLE_MODULES = YES; CLANG_ENABLE_OBJC_ARC = YES; CLANG_ENABLE_OBJC_WEAK = YES; CLANG_WARN_BLOCK_CAPTURE_AUTORELEASING = YES; CLANG_WARN_BOOL_CONVERSION = YES; CLANG_WARN_COMMA = YES; CLANG_WARN_CONSTANT_CONVERSION = YES; CLANG_WARN_DEPRECATED_OBJC_IMPLEMENTATIONS = YES; CLANG_WARN_DIRECT_OBJC_ISA_USAGE = YES_ERROR; CLANG_WARN_DOCUMENTATION_COMMENTS = YES; CLANG_WARN_EMPTY_BODY = YES; CLANG_WARN_ENUM_CONVERSION = YES; CLANG_WARN_INFINITE_RECURSION = YES; CLANG_WARN_INT_CONVERSION = YES; CLANG_WARN_NON_LITERAL_NULL_CONVERSION = YES; CLANG_WARN_OBJC_IMPLICIT_RETAIN_SELF = YES; CLANG_WARN_OBJC_LITERAL_CONVERSION = YES; CLANG_WARN_OBJC_ROOT_CLASS = YES_ERROR; CLANG_WARN_QUOTED_INCLUDE_IN_FRAMEWORK_HEADER = YES; CLANG_WARN_RANGE_LOOP_ANALYSIS = YES; CLANG_WARN_STRICT_PROTOTYPES = YES; CLANG_WARN_SUSPICIOUS_MOVE = YES; CLANG_WARN_UNGUARDED_AVAILABILITY = YES_AGGRESSIVE; CLANG_WARN_UNREACHABLE_CODE = YES; CLANG_WARN__DUPLICATE_METHOD_MATCH = YES; COPY_PHASE_STRIP = NO; DEBUG_INFORMATION_FORMAT = dwarf; ENABLE_STRICT_OBJC_MSGSEND = YES; ENABLE_TESTABILITY = YES; GCC_C_LANGUAGE_STANDARD = gnu17; GCC_DYNAMIC_NO_PIC = NO; GCC_NO_COMMON_BLOCKS = YES; GCC_OPTIMIZATION_LEVEL = 0; GCC_PREPROCESSOR_DEFINITIONS = ("DEBUG=1", "$(inherited)", ); GCC_WARN_64_TO_32_BIT_CONVERSION = YES; GCC_WARN_ABOUT_RETURN_TYPE = YES_ERROR; GCC_WARN_UNDECLARED_SELECTOR = YES; GCC_WARN_UNINITIALIZED_AUTOS = YES_AGGRESSIVE; GCC_WARN_UNUSED_FUNCTION = YES; GCC_WARN_UNUSED_VARIABLE = YES; IPHONEOS_DEPLOYMENT_TARGET = 17.0; MTL_ENABLE_DEBUG_INFO = INCLUDE_SOURCE; MTL_FAST_MATH = YES; ONLY_ACTIVE_ARCH = YES; SDKROOT = iphoneos; SWIFT_ACTIVE_COMPILATION_CONDITIONS = DEBUG; SWIFT_OPTIMIZATION_LEVEL = "-Onone"; }; name = Debug; };
		A100009A2B00000100000002 /* Release */ = {isa = XCBuildConfiguration; buildSettings = {ALWAYS_SEARCH_USER_PATHS = NO; CLANG_ANALYZER_NONNULL = YES; CLANG_ANALYZER_NUMBER_OBJECT_CONVERSION = YES_AGGRESSIVE; CLANG_CXX_LANGUAGE_STANDARD = "gnu++20"; CLANG_ENABLE_MODULES = YES; CLANG_ENABLE_OBJC_ARC = YES; CLANG_ENABLE_OBJC_WEAK = YES; CLANG_WARN_BLOCK_CAPTURE_AUTORELEASING = YES; CLANG_WARN_BOOL_CONVERSION = YES; CLANG_WARN_COMMA = YES; CLANG_WARN_CONSTANT_CONVERSION = YES; CLANG_WARN_DEPRECATED_OBJC_IMPLEMENTATIONS = YES; CLANG_WARN_DIRECT_OBJC_ISA_USAGE = YES_ERROR; CLANG_WARN_DOCUMENTATION_COMMENTS = YES; CLANG_WARN_EMPTY_BODY = YES; CLANG_WARN_ENUM_CONVERSION = YES; CLANG_WARN_INFINITE_RECURSION = YES; CLANG_WARN_INT_CONVERSION = YES; CLANG_WARN_NON_LITERAL_NULL_CONVERSION = YES; CLANG_WARN_OBJC_IMPLICIT_RETAIN_SELF = YES; CLANG_WARN_OBJC_LITERAL_CONVERSION = YES; CLANG_WARN_OBJC_ROOT_CLASS = YES_ERROR; CLANG_WARN_QUOTED_INCLUDE_IN_FRAMEWORK_HEADER = YES; CLANG_WARN_RANGE_LOOP_ANALYSIS = YES; CLANG_WARN_STRICT_PROTOTYPES = YES; CLANG_WARN_SUSPICIOUS_MOVE = YES; CLANG_WARN_UNGUARDED_AVAILABILITY = YES_AGGRESSIVE; CLANG_WARN_UNREACHABLE_CODE = YES; CLANG_WARN__DUPLICATE_METHOD_MATCH = YES; COPY_PHASE_STRIP = NO; DEBUG_INFORMATION_FORMAT = "dwarf-with-dsym"; ENABLE_NS_ASSERTIONS = NO; ENABLE_STRICT_OBJC_MSGSEND = YES; GCC_C_LANGUAGE_STANDARD = gnu17; GCC_NO_COMMON_BLOCKS = YES; GCC_WARN_64_TO_32_BIT_CONVERSION = YES; GCC_WARN_ABOUT_RETURN_TYPE = YES_ERROR; GCC_WARN_UNDECLARED_SELECTOR = YES; GCC_WARN_UNINITIALIZED_AUTOS = YES_AGGRESSIVE; GCC_WARN_UNUSED_FUNCTION = YES; GCC_WARN_UNUSED_VARIABLE = YES; IPHONEOS_DEPLOYMENT_TARGET = 17.0; MTL_ENABLE_DEBUG_INFO = NO; MTL_FAST_MATH = YES; SDKROOT = iphoneos; SWIFT_COMPILATION_MODE = wholemodule; VALIDATE_PRODUCT = YES; }; name = Release; };
		A100009A2B00000100000003 /* Debug */ = {isa = XCBuildConfiguration; buildSettings = {ASSETCATALOG_COMPILER_APPICON_NAME = AppIcon; ASSETCATALOG_COMPILER_GLOBAL_ACCENT_COLOR_NAME = AccentColor; CODE_SIGN_STYLE = Automatic; CURRENT_PROJECT_VERSION = 1; DEVELOPMENT_ASSET_PATHS = ""; DEVELOPMENT_TEAM = 8TR62NABC6; ENABLE_PREVIEWS = YES; GENERATE_INFOPLIST_FILE = YES; INFOPLIST_FILE = AIShoppingGuide/Info.plist; INFOPLIST_KEY_CFBundleDisplayName = "AI 电商导购助手"; INFOPLIST_KEY_UILaunchScreen_Generation = YES; INFOPLIST_KEY_UISupportedInterfaceOrientations_iPhone = UIInterfaceOrientationPortrait; MARKETING_VERSION = 1.0; PRODUCT_BUNDLE_IDENTIFIER = com.example.AIShoppingGuide; PRODUCT_NAME = "$(TARGET_NAME)"; SWIFT_EMIT_LOC_STRINGS = YES; SWIFT_VERSION = 5.0; TARGETED_DEVICE_FAMILY = 1; }; name = Debug; };
		A100009A2B00000100000004 /* Release */ = {isa = XCBuildConfiguration; buildSettings = {ASSETCATALOG_COMPILER_APPICON_NAME = AppIcon; ASSETCATALOG_COMPILER_GLOBAL_ACCENT_COLOR_NAME = AccentColor; CODE_SIGN_STYLE = Automatic; CURRENT_PROJECT_VERSION = 1; DEVELOPMENT_ASSET_PATHS = ""; DEVELOPMENT_TEAM = 8TR62NABC6; ENABLE_PREVIEWS = YES; GENERATE_INFOPLIST_FILE = YES; INFOPLIST_FILE = AIShoppingGuide/Info.plist; INFOPLIST_KEY_CFBundleDisplayName = "AI 电商导购助手"; INFOPLIST_KEY_UILaunchScreen_Generation = YES; INFOPLIST_KEY_UISupportedInterfaceOrientations_iPhone = UIInterfaceOrientationPortrait; MARKETING_VERSION = 1.0; PRODUCT_BUNDLE_IDENTIFIER = com.example.AIShoppingGuide; PRODUCT_NAME = "$(TARGET_NAME)"; SWIFT_EMIT_LOC_STRINGS = YES; SWIFT_VERSION = 5.0; TARGETED_DEVICE_FAMILY = 1; }; name = Release; };
/* End XCBuildConfiguration section */

/* Begin XCConfigurationList section */
		A100008A2B00000100000001 /* Build configuration list for PBXProject "AIShoppingGuide" */ = {
			isa = XCConfigurationList;
			buildConfigurations = (
				A100009A2B00000100000001 /* Debug */,
				A100009A2B00000100000002 /* Release */,
			);
			defaultConfigurationIsVisible = 0;
			defaultConfigurationName = Release;
		};
		A100008A2B00000100000002 /* Build configuration list for PBXNativeTarget "AIShoppingGuide" */ = {
			isa = XCConfigurationList;
			buildConfigurations = (
				A100009A2B00000100000003 /* Debug */,
				A100009A2B00000100000004 /* Release */,
			);
			defaultConfigurationIsVisible = 0;
			defaultConfigurationName = Release;
		};
/* End XCConfigurationList section */
	};
	rootObject = A100005A2B00000100000001 /* Project object */;
}
